dependencies:
- name: renovate
  repository: https://docs.renovatebot.com/helm-charts
  version: 46.16.0
- name: pilibchart
  repository: file://../pilibchart
  version: 0.1.0
digest: sha256:8de971465357064233d378b988edf7f1922e2056f9d10bda3f4c26621007d4ea
generated: "2026-02-16T13:04:23.774266563Z"
